{
    "name": "@loupeteam/librarybuilderproject",
    "version": "0.2.0",
    "lockfileVersion": 3,
    "requires": true,
    "packages": {
        "": {
            "name": "@loupeteam/librarybuilderproject",
            "version": "0.2.0",
            "license": "MIT",
            "dependencies": {
                "@loupeteam/librarybuilderproject": "^0.3.0",
                "@loupeteam/logthat": "^0.5.1",
                "@loupeteam/messagebox": "^0.1.3"
            }
        },
        "node_modules/@loupeteam/hmitools": {
            "version": "0.11.4",
            "resolved": "https://npm.pkg.github.com/download/@loupeteam/hmitools/0.11.4/eb55cbcdcc1ce97d09d3b83a0c51e4cd33a8d61b",
            "integrity": "sha512-Q+vewN4fVCR6063wTEZBiH681udEALVa2Rzfrh9YmdB47opqo/m3U8Lqid5sP+WNmB+/0fCUylPRuf5F5edJMw==",
            "license": "MIT",
            "dependencies": {
                "@loupeteam/ringbuflib": ">=0.2.0",
                "@loupeteam/stringext": ">=0.4.0"
            }
        },
        "node_modules/@loupeteam/librarybuilderproject": {
            "version": "0.3.0",
            "resolved": "https://npm.pkg.github.com/download/@loupeteam/librarybuilderproject/0.3.0/9c3c1fc98350439d618573f3b465d94e3ae1e000",
            "integrity": "sha512-kUOwhpPoqQ1DikLGFBH3c8+nsb28ayX2IpQRC0UaEg34cV4GrRoI0FvkSovc3tgrGohpyvxFPRy5C6TM5wj7JA==",
            "license": "MIT"
        },
        "node_modules/@loupeteam/logthat": {
            "version": "0.5.1",
            "resolved": "https://npm.pkg.github.com/download/@loupeteam/logthat/0.5.1/728712ec79fff3ca14613f7b900f501a920b2871",
            "integrity": "sha512-DvZR0Q/dU+RVR9ASV4xPJY2XIUG6fuf3brlyjndRK1MxVzl+ksBHm0QZJufDlYW9yejnT3cLoE6X9R3a+Cm+vg==",
            "license": "MIT",
            "dependencies": {
                "@loupeteam/stringext": ">=0.14.1"
            }
        },
        "node_modules/@loupeteam/messagebox": {
            "version": "0.1.3",
            "resolved": "https://npm.pkg.github.com/download/@loupeteam/messagebox/0.1.3/1549fe0fcbcf99defb9ad14461f4de76b0010022",
            "integrity": "sha512-GVXZnoYHIyeoZkMCxdJSKR5pNIkMzIvrFf2oVyjFRGZJrNYUaB2RQJtE7j88MBgibLcJWgfBneKm7+3pv1smHw==",
            "license": "Loupe Software License Agreement",
            "dependencies": {
                "@loupeteam/hmitools": "*",
                "@loupeteam/ringbuflib": "*"
            }
        },
        "node_modules/@loupeteam/ringbuflib": {
            "version": "0.2.4",
            "resolved": "https://npm.pkg.github.com/download/@loupeteam/ringbuflib/0.2.4/aa477b3b9b4f8b2babda5f67bd823b9f73a837b7",
            "integrity": "sha512-iMekWj7qvhwdYpiD3XpJIJPxlVel0k9PFpPa7POtAI/DIQTH8X6caZNlllA14wAlBAaKYdUVYzdW1t9EjizQWg==",
            "license": "Loupe Software License Agreement"
        },
        "node_modules/@loupeteam/stringext": {
            "version": "0.14.4",
            "resolved": "https://npm.pkg.github.com/download/@loupeteam/stringext/0.14.4/9d7c965dd094afeaf89b9f48c9b882ce798890dc",
            "integrity": "sha512-xYNj2b+SUxIgM5ZvB+BgDL+cqWkaKHAN65GbyNCd1B/SExiqUDO/VMa77/Sk2XlIZdzXj5mXxjwU/zjY97WsMg==",
            "license": "MIT"
        }
    }
}
